// !$*UTF8*$!
{
	archiveVersion = 1;
	classes = {
	};
	objectVersion = 50;
	objects = {

/* Begin PBXBuildFile section */
		32951BE520E628B7004D121E /* AppDelegate.m in Sources */ = {isa = PBXBuildFile; fileRef = 32951BE420E628B7004D121E /* AppDelegate.m */; };
		32951BE820E628B7004D121E /* ViewController.m in Sources */ = {isa = PBXBuildFile; fileRef = 32951BE720E628B7004D121E /* ViewController.m */; };
		32951BEB20E628B7004D121E /* Main.storyboard in Resources */ = {isa = PBXBuildFile; fileRef = 32951BE920E628B7004D121E /* Main.storyboard */; };
		32951BED20E628B9004D121E /* Assets.xcassets in Resources */ = {isa = PBXBuildFile; fileRef = 32951BEC20E628B9004D121E /* Assets.xcassets */; };
		32951BF020E628B9004D121E /* LaunchScreen.storyboard in Resources */ = {isa = PBXBuildFile; fileRef = 32951BEE20E628B9004D121E /* LaunchScreen.storyboard */; };
		32951BF320E628B9004D121E /* main.m in Sources */ = {isa = PBXBuildFile; fileRef = 32951BF220E628B9004D121E /* main.m */; };
		32951BFE20E631D4004D121E /* ModelLocater.m in Sources */ = {isa = PBXBuildFile; fileRef = 32951BFD20E631D4004D121E /* ModelLocater.m */; };
		32AC1F0220E9BF1F003C60CA /* VoiceCallRoomView.m in Sources */ = {isa = PBXBuildFile; fileRef = 32AC1F0120E9BF1F003C60CA /* VoiceCallRoomView.m */; };
		32AC1F0520E9C54C003C60CA /* VoiceCallRoomSeatCell.m in Sources */ = {isa = PBXBuildFile; fileRef = 32AC1F0420E9C54C003C60CA /* VoiceCallRoomSeatCell.m */; };
		32AC1F2320E9E36C003C60CA /* voice_call_room_cell_compere@3x.png in Resources */ = {isa = PBXBuildFile; fileRef = 32AC1F1D20E9E36C003C60CA /* voice_call_room_cell_compere@3x.png */; };
		32AC1F2420E9E36C003C60CA /* voice_call_room_cell_crown@3x.png in Resources */ = {isa = PBXBuildFile; fileRef = 32AC1F1E20E9E36C003C60CA /* voice_call_room_cell_crown@3x.png */; };
		32AC1F2520E9E36C003C60CA /* voice_call_room_cell_crown@2x.png in Resources */ = {isa = PBXBuildFile; fileRef = 32AC1F1F20E9E36C003C60CA /* voice_call_room_cell_crown@2x.png */; };
		32AC1F2620E9E36C003C60CA /* voice_call_room_cell_compere@2x.png in Resources */ = {isa = PBXBuildFile; fileRef = 32AC1F2020E9E36C003C60CA /* voice_call_room_cell_compere@2x.png */; };
		32AC1F2720E9E36C003C60CA /* voice_call_room_cell_more@3x.png in Resources */ = {isa = PBXBuildFile; fileRef = 32AC1F2120E9E36C003C60CA /* voice_call_room_cell_more@3x.png */; };
		32AC1F2820E9E36C003C60CA /* voice_call_room_cell_more@2x.png in Resources */ = {isa = PBXBuildFile; fileRef = 32AC1F2220E9E36C003C60CA /* voice_call_room_cell_more@2x.png */; };
/* End PBXBuildFile section */

/* Begin PBXFileReference section */
		32951BE020E628B7004D121E /* 语音房.app */ = {isa = PBXFileReference; explicitFileType = wrapper.application; includeInIndex = 0; path = "语音房.app"; sourceTree = BUILT_PRODUCTS_DIR; };
		32951BE320E628B7004D121E /* AppDelegate.h */ = {isa = PBXFileReference; lastKnownFileType = sourcecode.c.h; path = AppDelegate.h; sourceTree = "<group>"; };
		32951BE420E628B7004D121E /* AppDelegate.m */ = {isa = PBXFileReference; lastKnownFileType = sourcecode.c.objc; path = AppDelegate.m; sourceTree = "<group>"; };
		32951BE620E628B7004D121E /* ViewController.h */ = {isa = PBXFileReference; lastKnownFileType = sourcecode.c.h; path = ViewController.h; sourceTree = "<group>"; };
		32951BE720E628B7004D121E /* ViewController.m */ = {isa = PBXFileReference; lastKnownFileType = sourcecode.c.objc; path = ViewController.m; sourceTree = "<group>"; };
		32951BEA20E628B7004D121E /* Base */ = {isa = PBXFileReference; lastKnownFileType = file.storyboard; name = Base; path = Base.lproj/Main.storyboard; sourceTree = "<group>"; };
		32951BEC20E628B9004D121E /* Assets.xcassets */ = {isa = PBXFileReference; lastKnownFileType = folder.assetcatalog; path = Assets.xcassets; sourceTree = "<group>"; };
		32951BEF20E628B9004D121E /* Base */ = {isa = PBXFileReference; lastKnownFileType = file.storyboard; name = Base; path = Base.lproj/LaunchScreen.storyboard; sourceTree = "<group>"; };
		32951BF120E628B9004D121E /* Info.plist */ = {isa = PBXFileReference; lastKnownFileType = text.plist.xml; path = Info.plist; sourceTree = "<group>"; };
		32951BF220E628B9004D121E /* main.m */ = {isa = PBXFileReference; lastKnownFileType = sourcecode.c.objc; path = main.m; sourceTree = "<group>"; };
		32951BFC20E631D4004D121E /* ModelLocater.h */ = {isa = PBXFileReference; lastKnownFileType = sourcecode.c.h; path = ModelLocater.h; sourceTree = "<group>"; };
		32951BFD20E631D4004D121E /* ModelLocater.m */ = {isa = PBXFileReference; lastKnownFileType = sourcecode.c.objc; path = ModelLocater.m; sourceTree = "<group>"; };
		32AC1F0020E9BF1F003C60CA /* VoiceCallRoomView.h */ = {isa = PBXFileReference; lastKnownFileType = sourcecode.c.h; path = VoiceCallRoomView.h; sourceTree = "<group>"; };
		32AC1F0120E9BF1F003C60CA /* VoiceCallRoomView.m */ = {isa = PBXFileReference; lastKnownFileType = sourcecode.c.objc; path = VoiceCallRoomView.m; sourceTree = "<group>"; };
		32AC1F0320E9C54C003C60CA /* VoiceCallRoomSeatCell.h */ = {isa = PBXFileReference; lastKnownFileType = sourcecode.c.h; path = VoiceCallRoomSeatCell.h; sourceTree = "<group>"; };
		32AC1F0420E9C54C003C60CA /* VoiceCallRoomSeatCell.m */ = {isa = PBXFileReference; lastKnownFileType = sourcecode.c.objc; path = VoiceCallRoomSeatCell.m; sourceTree = "<group>"; };
		32AC1F1D20E9E36C003C60CA /* voice_call_room_cell_compere@3x.png */ = {isa = PBXFileReference; lastKnownFileType = image.png; path = "voice_call_room_cell_compere@3x.png"; sourceTree = "<group>"; };
		32AC1F1E20E9E36C003C60CA /* voice_call_room_cell_crown@3x.png */ = {isa = PBXFileReference; lastKnownFileType = image.png; path = "voice_call_room_cell_crown@3x.png"; sourceTree = "<group>"; };
		32AC1F1F20E9E36C003C60CA /* voice_call_room_cell_crown@2x.png */ = {isa = PBXFileReference; lastKnownFileType = image.png; path = "voice_call_room_cell_crown@2x.png"; sourceTree = "<group>"; };
		32AC1F2020E9E36C003C60CA /* voice_call_room_cell_compere@2x.png */ = {isa = PBXFileReference; lastKnownFileType = image.png; path = "voice_call_room_cell_compere@2x.png"; sourceTree = "<group>"; };
		32AC1F2120E9E36C003C60CA /* voice_call_room_cell_more@3x.png */ = {isa = PBXFileReference; lastKnownFileType = image.png; path = "voice_call_room_cell_more@3x.png"; sourceTree = "<group>"; };
		32AC1F2220E9E36C003C60CA /* voice_call_room_cell_more@2x.png */ = {isa = PBXFileReference; lastKnownFileType = image.png; path = "voice_call_room_cell_more@2x.png"; sourceTree = "<group>"; };
/* End PBXFileReference section */

/* Begin PBXFrameworksBuildPhase section */
		32951BDD20E628B7004D121E /* Frameworks */ = {
			isa = PBXFrameworksBuildPhase;
			buildActionMask = 2147483647;
			files = (
			);
			runOnlyForDeploymentPostprocessing = 0;
		};
/* End PBXFrameworksBuildPhase section */

/* Begin PBXGroup section */
		32951BD720E628B7004D121E = {
			isa = PBXGroup;
			children = (
				32951BE220E628B7004D121E /* 语音房 */,
				32951BE120E628B7004D121E /* Products */,
			);
			sourceTree = "<group>";
		};
		32951BE120E628B7004D121E /* Products */ = {
			isa = PBXGroup;
			children = (
				32951BE020E628B7004D121E /* 语音房.app */,
			);
			name = Products;
			sourceTree = "<group>";
		};
		32951BE220E628B7004D121E /* 语音房 */ = {
			isa = PBXGroup;
			children = (
				32951BE320E628B7004D121E /* AppDelegate.h */,
				32951BE420E628B7004D121E /* AppDelegate.m */,
				32951BE620E628B7004D121E /* ViewController.h */,
				32951BE720E628B7004D121E /* ViewController.m */,
				32AC1EFF20E9BF07003C60CA /* VoiceCallRoom */,
				32AC1F1C20E9E36C003C60CA /* VoiceCallRoom */,
				32951BFC20E631D4004D121E /* ModelLocater.h */,
				32951BFD20E631D4004D121E /* ModelLocater.m */,
				32951BE920E628B7004D121E /* Main.storyboard */,
				32951BEC20E628B9004D121E /* Assets.xcassets */,
				32951BEE20E628B9004D121E /* LaunchScreen.storyboard */,
				32951BF120E628B9004D121E /* Info.plist */,
				32951BF220E628B9004D121E /* main.m */,
			);
			path = "语音房";
			sourceTree = "<group>";
		};
		32AC1EFF20E9BF07003C60CA /* VoiceCallRoom */ = {
			isa = PBXGroup;
			children = (
				32AC1F0020E9BF1F003C60CA /* VoiceCallRoomView.h */,
				32AC1F0120E9BF1F003C60CA /* VoiceCallRoomView.m */,
				32AC1F0320E9C54C003C60CA /* VoiceCallRoomSeatCell.h */,
				32AC1F0420E9C54C003C60CA /* VoiceCallRoomSeatCell.m */,
			);
			path = VoiceCallRoom;
			sourceTree = "<group>";
		};
		32AC1F1C20E9E36C003C60CA /* VoiceCallRoom */ = {
			isa = PBXGroup;
			children = (
				32AC1F1D20E9E36C003C60CA /* voice_call_room_cell_compere@3x.png */,
				32AC1F2020E9E36C003C60CA /* voice_call_room_cell_compere@2x.png */,
				32AC1F1E20E9E36C003C60CA /* voice_call_room_cell_crown@3x.png */,
				32AC1F1F20E9E36C003C60CA /* voice_call_room_cell_crown@2x.png */,
				32AC1F2120E9E36C003C60CA /* voice_call_room_cell_more@3x.png */,
				32AC1F2220E9E36C003C60CA /* voice_call_room_cell_more@2x.png */,
			);
			name = VoiceCallRoom;
			path = "../../../语音房/VoiceCallRoom";
			sourceTree = "<group>";
		};
/* End PBXGroup section */

/* Begin PBXNativeTarget section */
		32951BDF20E628B7004D121E /* 语音房 */ = {
			isa = PBXNativeTarget;
			buildConfigurationList = 32951BF620E628B9004D121E /* Build configuration list for PBXNativeTarget "语音房" */;
			buildPhases = (
				32951BDC20E628B7004D121E /* Sources */,
				32951BDD20E628B7004D121E /* Frameworks */,
				32951BDE20E628B7004D121E /* Resources */,
			);
			buildRules = (
			);
			dependencies = (
			);
			name = "语音房";
			productName = "语音房";
			productReference = 32951BE020E628B7004D121E /* 语音房.app */;
			productType = "com.apple.product-type.application";
		};
/* End PBXNativeTarget section */

/* Begin PBXProject section */
		32951BD820E628B7004D121E /* Project object */ = {
			isa = PBXProject;
			attributes = {
				LastUpgradeCheck = 0930;
				ORGANIZATIONNAME = "贾辰";
				TargetAttributes = {
					32951BDF20E628B7004D121E = {
						CreatedOnToolsVersion = 9.3.1;
					};
				};
			};
			buildConfigurationList = 32951BDB20E628B7004D121E /* Build configuration list for PBXProject "语音房" */;
			compatibilityVersion = "Xcode 9.3";
			developmentRegion = en;
			hasScannedForEncodings = 0;
			knownRegions = (
				en,
				Base,
			);
			mainGroup = 32951BD720E628B7004D121E;
			productRefGroup = 32951BE120E628B7004D121E /* Products */;
			projectDirPath = "";
			projectRoot = "";
			targets = (
				32951BDF20E628B7004D121E /* 语音房 */,
			);
		};
/* End PBXProject section */

/* Begin PBXResourcesBuildPhase section */
		32951BDE20E628B7004D121E /* Resources */ = {
			isa = PBXResourcesBuildPhase;
			buildActionMask = 2147483647;
			files = (
				32AC1F2720E9E36C003C60CA /* voice_call_room_cell_more@3x.png in Resources */,
				32951BF020E628B9004D121E /* LaunchScreen.storyboard in Resources */,
				32AC1F2420E9E36C003C60CA /* voice_call_room_cell_crown@3x.png in Resources */,
				32AC1F2620E9E36C003C60CA /* voice_call_room_cell_compere@2x.png in Resources */,
				32951BED20E628B9004D121E /* Assets.xcassets in Resources */,
				32AC1F2820E9E36C003C60CA /* voice_call_room_cell_more@2x.png in Resources */,
				32951BEB20E628B7004D121E /* Main.storyboard in Resources */,
				32AC1F2520E9E36C003C60CA /* voice_call_room_cell_crown@2x.png in Resources */,
				32AC1F2320E9E36C003C60CA /* voice_call_room_cell_compere@3x.png in Resources */,
			);
			runOnlyForDeploymentPostprocessing = 0;
		};
/* End PBXResourcesBuildPhase section */

/* Begin PBXSourcesBuildPhase section */
		32951BDC20E628B7004D121E /* Sources */ = {
			isa = PBXSourcesBuildPhase;
			buildActionMask = 2147483647;
			files = (
				32951BFE20E631D4004D121E /* ModelLocater.m in Sources */,
				32951BE820E628B7004D121E /* ViewController.m in Sources */,
				32951BF320E628B9004D121E /* main.m in Sources */,
				32951BE520E628B7004D121E /* AppDelegate.m in Sources */,
				32AC1F0520E9C54C003C60CA /* VoiceCallRoomSeatCell.m in Sources */,
				32AC1F0220E9BF1F003C60CA /* VoiceCallRoomView.m in Sources */,
			);
			runOnlyForDeploymentPostprocessing = 0;
		};
/* End PBXSourcesBuildPhase section */

/* Begin PBXVariantGroup section */
		32951BE920E628B7004D121E /* Main.storyboard */ = {
			isa = PBXVariantGroup;
			children = (
				32951BEA20E628B7004D121E /* Base */,
			);
			name = Main.storyboard;
			sourceTree = "<group>";
		};
		32951BEE20E628B9004D121E /* LaunchScreen.storyboard */ = {
			isa = PBXVariantGroup;
			children = (
				32951BEF20E628B9004D121E /* Base */,
			);
			name = LaunchScreen.storyboard;
			sourceTree = "<group>";
		};
/* End PBXVariantGroup section */

/* Begin XCBuildConfiguration section */
		32951BF420E628B9004D121E /* Debug */ = {
			isa = XCBuildConfiguration;
			buildSettings = {
				ALWAYS_SEARCH_USER_PATHS = NO;
				CLANG_ANALYZER_NONNULL = YES;
				CLANG_ANALYZER_NUMBER_OBJECT_CONVERSION = YES_AGGRESSIVE;
				CLANG_CXX_LANGUAGE_STANDARD = "gnu++14";
				CLANG_CXX_LIBRARY = "libc++";
				CLANG_ENABLE_MODULES = YES;
				CLANG_ENABLE_OBJC_ARC = YES;
				CLANG_ENABLE_OBJC_WEAK = YES;
				CLANG_WARN_BLOCK_CAPTURE_AUTORELEASING = YES;
				CLANG_WARN_BOOL_CONVERSION = YES;
				CLANG_WARN_COMMA = YES;
				CLANG_WARN_CONSTANT_CONVERSION = YES;
				CLANG_WARN_DEPRECATED_OBJC_IMPLEMENTATIONS = YES;
				CLANG_WARN_DIRECT_OBJC_ISA_USAGE = YES_ERROR;
				CLANG_WARN_DOCUMENTATION_COMMENTS = YES;
				CLANG_WARN_EMPTY_BODY = YES;
				CLANG_WARN_ENUM_CONVERSION = YES;
				CLANG_WARN_INFINITE_RECURSION = YES;
				CLANG_WARN_INT_CONVERSION = YES;
				CLANG_WARN_NON_LITERAL_NULL_CONVERSION = YES;
				CLANG_WARN_OBJC_IMPLICIT_RETAIN_SELF = YES;
				CLANG_WARN_OBJC_LITERAL_CONVERSION = YES;
				CLANG_WARN_OBJC_ROOT_CLASS = YES_ERROR;
				CLANG_WARN_RANGE_LOOP_ANALYSIS = YES;
				CLANG_WARN_STRICT_PROTOTYPES = YES;
				CLANG_WARN_SUSPICIOUS_MOVE = YES;
				CLANG_WARN_UNGUARDED_AVAILABILITY = YES_AGGRESSIVE;
				CLANG_WARN_UNREACHABLE_CODE = YES;
				CLANG_WARN__DUPLICATE_METHOD_MATCH = YES;
				CODE_SIGN_IDENTITY = "iPhone Developer";
				COPY_PHASE_STRIP = NO;
				DEBUG_INFORMATION_FORMAT = dwarf;
				ENABLE_STRICT_OBJC_MSGSEND = YES;
				ENABLE_TESTABILITY = YES;
				GCC_C_LANGUAGE_STANDARD = gnu11;
				GCC_DYNAMIC_NO_PIC = NO;
				GCC_NO_COMMON_BLOCKS = YES;
				GCC_OPTIMIZATION_LEVEL = 0;
				GCC_PREPROCESSOR_DEFINITIONS = (
					"DEBUG=1",
					"$(inherited)",
				);
				GCC_WARN_64_TO_32_BIT_CONVERSION = YES;
				GCC_WARN_ABOUT_RETURN_TYPE = YES_ERROR;
				GCC_WARN_UNDECLARED_SELECTOR = YES;
				GCC_WARN_UNINITIALIZED_AUTOS = YES_AGGRESSIVE;
				GCC_WARN_UNUSED_FUNCTION = YES;
				GCC_WARN_UNUSED_VARIABLE = YES;
				IPHONEOS_DEPLOYMENT_TARGET = 11.3;
				MTL_ENABLE_DEBUG_INFO = YES;
				ONLY_ACTIVE_ARCH = YES;
				SDKROOT = iphoneos;
			};
			name = Debug;
		};
		32951BF520E628B9004D121E /* Release */ = {
			isa = XCBuildConfiguration;
			buildSettings = {
				ALWAYS_SEARCH_USER_PATHS = NO;
				CLANG_ANALYZER_NONNULL = YES;
				CLANG_ANALYZER_NUMBER_OBJECT_CONVERSION = YES_AGGRESSIVE;
				CLANG_CXX_LANGUAGE_STANDARD = "gnu++14";
				CLANG_CXX_LIBRARY = "libc++";
				CLANG_ENABLE_MODULES = YES;
				CLANG_ENABLE_OBJC_ARC = YES;
				CLANG_ENABLE_OBJC_WEAK = YES;
				CLANG_WARN_BLOCK_CAPTURE_AUTORELEASING = YES;
				CLANG_WARN_BOOL_CONVERSION = YES;
				CLANG_WARN_COMMA = YES;
				CLANG_WARN_CONSTANT_CONVERSION = YES;
				CLANG_WARN_DEPRECATED_OBJC_IMPLEMENTATIONS = YES;
				CLANG_WARN_DIRECT_OBJC_ISA_USAGE = YES_ERROR;
				CLANG_WARN_DOCUMENTATION_COMMENTS = YES;
				CLANG_WARN_EMPTY_BODY = YES;
				CLANG_WARN_ENUM_CONVERSION = YES;
				CLANG_WARN_INFINITE_RECURSION = YES;
				CLANG_WARN_INT_CONVERSION = YES;
				CLANG_WARN_NON_LITERAL_NULL_CONVERSION = YES;
				CLANG_WARN_OBJC_IMPLICIT_RETAIN_SELF = YES;
				CLANG_WARN_OBJC_LITERAL_CONVERSION = YES;
				CLANG_WARN_OBJC_ROOT_CLASS = YES_ERROR;
				CLANG_WARN_RANGE_LOOP_ANALYSIS = YES;
				CLANG_WARN_STRICT_PROTOTYPES = YES;
				CLANG_WARN_SUSPICIOUS_MOVE = YES;
				CLANG_WARN_UNGUARDED_AVAILABILITY = YES_AGGRESSIVE;
				CLANG_WARN_UNREACHABLE_CODE = YES;
				CLANG_WARN__DUPLICATE_METHOD_MATCH = YES;
				CODE_SIGN_IDENTITY = "iPhone Developer";
				COPY_PHASE_STRIP = NO;
				DEBUG_INFORMATION_FORMAT = "dwarf-with-dsym";
				ENABLE_NS_ASSERTIONS = NO;
				ENABLE_STRICT_OBJC_MSGSEND = YES;
				GCC_C_LANGUAGE_STANDARD = gnu11;
				GCC_NO_COMMON_BLOCKS = YES;
				GCC_WARN_64_TO_32_BIT_CONVERSION = YES;
				GCC_WARN_ABOUT_RETURN_TYPE = YES_ERROR;
				GCC_WARN_UNDECLARED_SELECTOR = YES;
				GCC_WARN_UNINITIALIZED_AUTOS = YES_AGGRESSIVE;
				GCC_WARN_UNUSED_FUNCTION = YES;
				GCC_WARN_UNUSED_VARIABLE = YES;
				IPHONEOS_DEPLOYMENT_TARGET = 11.3;
				MTL_ENABLE_DEBUG_INFO = NO;
				SDKROOT = iphoneos;
				VALIDATE_PRODUCT = YES;
			};
			name = Release;
		};
		32951BF720E628B9004D121E /* Debug */ = {
			isa = XCBuildConfiguration;
			buildSettings = {
				ASSETCATALOG_COMPILER_APPICON_NAME = AppIcon;
				CODE_SIGN_STYLE = Automatic;
				DEVELOPMENT_TEAM = SR4ZEKCW75;
				INFOPLIST_FILE = "语音房/Info.plist";
				LD_RUNPATH_SEARCH_PATHS = (
					"$(inherited)",
					"@executable_path/Frameworks",
				);
				PRODUCT_BUNDLE_IDENTIFIER = "bjut.---";
				PRODUCT_NAME = "$(TARGET_NAME)";
				TARGETED_DEVICE_FAMILY = "1,2";
			};
			name = Debug;
		};
		32951BF820E628B9004D121E /* Release */ = {
			isa = XCBuildConfiguration;
			buildSettings = {
				ASSETCATALOG_COMPILER_APPICON_NAME = AppIcon;
				CODE_SIGN_STYLE = Automatic;
				DEVELOPMENT_TEAM = SR4ZEKCW75;
				INFOPLIST_FILE = "语音房/Info.plist";
				LD_RUNPATH_SEARCH_PATHS = (
					"$(inherited)",
					"@executable_path/Frameworks",
				);
				PRODUCT_BUNDLE_IDENTIFIER = "bjut.---";
				PRODUCT_NAME = "$(TARGET_NAME)";
				TARGETED_DEVICE_FAMILY = "1,2";
			};
			name = Release;
		};
/* End XCBuildConfiguration section */

/* Begin XCConfigurationList section */
		32951BDB20E628B7004D121E /* Build configuration list for PBXProject "语音房" */ = {
			isa = XCConfigurationList;
			buildConfigurations = (
				32951BF420E628B9004D121E /* Debug */,
				32951BF520E628B9004D121E /* Release */,
			);
			defaultConfigurationIsVisible = 0;
			defaultConfigurationName = Release;
		};
		32951BF620E628B9004D121E /* Build configuration list for PBXNativeTarget "语音房" */ = {
			isa = XCConfigurationList;
			buildConfigurations = (
				32951BF720E628B9004D121E /* Debug */,
				32951BF820E628B9004D121E /* Release */,
			);
			defaultConfigurationIsVisible = 0;
			defaultConfigurationName = Release;
		};
/* End XCConfigurationList section */
	};
	rootObject = 32951BD820E628B7004D121E /* Project object */;
}
