// !$*UTF8*$!
{
	archiveVersion = 1;
	classes = {
	};
	objectVersion = 46;
	objects = {

/* Begin PBXBuildFile section */
		3237A47520F2457E00347227 /* main.m in Sources */ = {isa = PBXBuildFile; fileRef = 3237A47420F2457E00347227 /* main.m */; };
		3237A47820F2457E00347227 /* AppDelegate.m in Sources */ = {isa = PBXBuildFile; fileRef = 3237A47720F2457E00347227 /* AppDelegate.m */; };
		3237A47B20F2457E00347227 /* ViewController.m in Sources */ = {isa = PBXBuildFile; fileRef = 3237A47A20F2457E00347227 /* ViewController.m */; };
		3237A47E20F2457E00347227 /* Main.storyboard in Resources */ = {isa = PBXBuildFile; fileRef = 3237A47C20F2457E00347227 /* Main.storyboard */; };
		3237A48020F2457E00347227 /* Assets.xcassets in Resources */ = {isa = PBXBuildFile; fileRef = 3237A47F20F2457E00347227 /* Assets.xcassets */; };
		3237A48320F2457E00347227 /* LaunchScreen.storyboard in Resources */ = {isa = PBXBuildFile; fileRef = 3237A48120F2457E00347227 /* LaunchScreen.storyboard */; };
		3237A48E20F2457E00347227 /* __Tests.m in Sources */ = {isa = PBXBuildFile; fileRef = 3237A48D20F2457E00347227 /* __Tests.m */; };
		3237A49920F2457E00347227 /* __UITests.m in Sources */ = {isa = PBXBuildFile; fileRef = 3237A49820F2457E00347227 /* __UITests.m */; };
		3238022C20F3620B0099DFB6 /* VideoCallRoomSpeakingAnimationView.m in Sources */ = {isa = PBXBuildFile; fileRef = 3238022A20F3620A0099DFB6 /* VideoCallRoomSpeakingAnimationView.m */; };
		3244A5432137B2C70021C46C /* SonViewController.m in Sources */ = {isa = PBXBuildFile; fileRef = 3244A5422137B2C70021C46C /* SonViewController.m */; };
		3244A5462137C97B0021C46C /* Son2ViewController.m in Sources */ = {isa = PBXBuildFile; fileRef = 3244A5452137C97B0021C46C /* Son2ViewController.m */; };
		326623DF2109711B004CCA75 /* Bird.png in Resources */ = {isa = PBXBuildFile; fileRef = 326623DE2109711B004CCA75 /* Bird.png */; };
		326623E42109778E004CCA75 /* Bird2.png in Resources */ = {isa = PBXBuildFile; fileRef = 326623E02109778D004CCA75 /* Bird2.png */; };
		326623E62109778E004CCA75 /* Bird4.png in Resources */ = {isa = PBXBuildFile; fileRef = 326623E22109778E004CCA75 /* Bird4.png */; };
		326623E72109778E004CCA75 /* Bird1.png in Resources */ = {isa = PBXBuildFile; fileRef = 326623E32109778E004CCA75 /* Bird1.png */; };
		326623E921097BB9004CCA75 /* Bird3.png in Resources */ = {isa = PBXBuildFile; fileRef = 326623E821097BB9004CCA75 /* Bird3.png */; };
		326A094720FD9EFE00728F89 /* temModel.m in Sources */ = {isa = PBXBuildFile; fileRef = 326A094620FD9EFE00728F89 /* temModel.m */; };
		327FABB9211C2BCE00BF4D43 /* 2(1).jpg in Resources */ = {isa = PBXBuildFile; fileRef = 327FABB8211C2BCE00BF4D43 /* 2(1).jpg */; };
/* End PBXBuildFile section */

/* Begin PBXContainerItemProxy section */
		3237A48A20F2457E00347227 /* PBXContainerItemProxy */ = {
			isa = PBXContainerItemProxy;
			containerPortal = 3237A46820F2457D00347227 /* Project object */;
			proxyType = 1;
			remoteGlobalIDString = 3237A46F20F2457E00347227;
			remoteInfo = "同步";
		};
		3237A49520F2457E00347227 /* PBXContainerItemProxy */ = {
			isa = PBXContainerItemProxy;
			containerPortal = 3237A46820F2457D00347227 /* Project object */;
			proxyType = 1;
			remoteGlobalIDString = 3237A46F20F2457E00347227;
			remoteInfo = "同步";
		};
/* End PBXContainerItemProxy section */

/* Begin PBXFileReference section */
		3237A47020F2457E00347227 /* 同步.app */ = {isa = PBXFileReference; explicitFileType = wrapper.application; includeInIndex = 0; path = "同步.app"; sourceTree = BUILT_PRODUCTS_DIR; };
		3237A47420F2457E00347227 /* main.m */ = {isa = PBXFileReference; lastKnownFileType = sourcecode.c.objc; path = main.m; sourceTree = "<group>"; };
		3237A47620F2457E00347227 /* AppDelegate.h */ = {isa = PBXFileReference; lastKnownFileType = sourcecode.c.h; path = AppDelegate.h; sourceTree = "<group>"; };
		3237A47720F2457E00347227 /* AppDelegate.m */ = {isa = PBXFileReference; lastKnownFileType = sourcecode.c.objc; path = AppDelegate.m; sourceTree = "<group>"; };
		3237A47920F2457E00347227 /* ViewController.h */ = {isa = PBXFileReference; lastKnownFileType = sourcecode.c.h; path = ViewController.h; sourceTree = "<group>"; };
		3237A47A20F2457E00347227 /* ViewController.m */ = {isa = PBXFileReference; lastKnownFileType = sourcecode.c.objc; path = ViewController.m; sourceTree = "<group>"; };
		3237A47D20F2457E00347227 /* Base */ = {isa = PBXFileReference; lastKnownFileType = file.storyboard; name = Base; path = Base.lproj/Main.storyboard; sourceTree = "<group>"; };
		3237A47F20F2457E00347227 /* Assets.xcassets */ = {isa = PBXFileReference; lastKnownFileType = folder.assetcatalog; path = Assets.xcassets; sourceTree = "<group>"; };
		3237A48220F2457E00347227 /* Base */ = {isa = PBXFileReference; lastKnownFileType = file.storyboard; name = Base; path = Base.lproj/LaunchScreen.storyboard; sourceTree = "<group>"; };
		3237A48420F2457E00347227 /* Info.plist */ = {isa = PBXFileReference; lastKnownFileType = text.plist.xml; path = Info.plist; sourceTree = "<group>"; };
		3237A48920F2457E00347227 /* 同步Tests.xctest */ = {isa = PBXFileReference; explicitFileType = wrapper.cfbundle; includeInIndex = 0; path = "同步Tests.xctest"; sourceTree = BUILT_PRODUCTS_DIR; };
		3237A48D20F2457E00347227 /* __Tests.m */ = {isa = PBXFileReference; lastKnownFileType = sourcecode.c.objc; path = __Tests.m; sourceTree = "<group>"; };
		3237A48F20F2457E00347227 /* Info.plist */ = {isa = PBXFileReference; lastKnownFileType = text.plist.xml; path = Info.plist; sourceTree = "<group>"; };
		3237A49420F2457E00347227 /* 同步UITests.xctest */ = {isa = PBXFileReference; explicitFileType = wrapper.cfbundle; includeInIndex = 0; path = "同步UITests.xctest"; sourceTree = BUILT_PRODUCTS_DIR; };
		3237A49820F2457E00347227 /* __UITests.m */ = {isa = PBXFileReference; lastKnownFileType = sourcecode.c.objc; path = __UITests.m; sourceTree = "<group>"; };
		3237A49A20F2457E00347227 /* Info.plist */ = {isa = PBXFileReference; lastKnownFileType = text.plist.xml; path = Info.plist; sourceTree = "<group>"; };
		3238022A20F3620A0099DFB6 /* VideoCallRoomSpeakingAnimationView.m */ = {isa = PBXFileReference; fileEncoding = 4; lastKnownFileType = sourcecode.c.objc; path = VideoCallRoomSpeakingAnimationView.m; sourceTree = "<group>"; };
		3238022B20F3620A0099DFB6 /* VideoCallRoomSpeakingAnimationView.h */ = {isa = PBXFileReference; fileEncoding = 4; lastKnownFileType = sourcecode.c.h; path = VideoCallRoomSpeakingAnimationView.h; sourceTree = "<group>"; };
		3244A5412137B2C70021C46C /* SonViewController.h */ = {isa = PBXFileReference; lastKnownFileType = sourcecode.c.h; path = SonViewController.h; sourceTree = "<group>"; };
		3244A5422137B2C70021C46C /* SonViewController.m */ = {isa = PBXFileReference; lastKnownFileType = sourcecode.c.objc; path = SonViewController.m; sourceTree = "<group>"; };
		3244A5442137C97B0021C46C /* Son2ViewController.h */ = {isa = PBXFileReference; lastKnownFileType = sourcecode.c.h; path = Son2ViewController.h; sourceTree = "<group>"; };
		3244A5452137C97B0021C46C /* Son2ViewController.m */ = {isa = PBXFileReference; lastKnownFileType = sourcecode.c.objc; path = Son2ViewController.m; sourceTree = "<group>"; };
		326623DE2109711B004CCA75 /* Bird.png */ = {isa = PBXFileReference; lastKnownFileType = image.png; path = Bird.png; sourceTree = "<group>"; };
		326623E02109778D004CCA75 /* Bird2.png */ = {isa = PBXFileReference; lastKnownFileType = image.png; path = Bird2.png; sourceTree = "<group>"; };
		326623E22109778E004CCA75 /* Bird4.png */ = {isa = PBXFileReference; lastKnownFileType = image.png; path = Bird4.png; sourceTree = "<group>"; };
		326623E32109778E004CCA75 /* Bird1.png */ = {isa = PBXFileReference; lastKnownFileType = image.png; path = Bird1.png; sourceTree = "<group>"; };
		326623E821097BB9004CCA75 /* Bird3.png */ = {isa = PBXFileReference; lastKnownFileType = image.png; name = Bird3.png; path = ../../../../Downloads/Bird3.png; sourceTree = "<group>"; };
		326A094520FD9EFE00728F89 /* temModel.h */ = {isa = PBXFileReference; lastKnownFileType = sourcecode.c.h; path = temModel.h; sourceTree = "<group>"; };
		326A094620FD9EFE00728F89 /* temModel.m */ = {isa = PBXFileReference; lastKnownFileType = sourcecode.c.objc; path = temModel.m; sourceTree = "<group>"; };
		327FABB8211C2BCE00BF4D43 /* 2(1).jpg */ = {isa = PBXFileReference; lastKnownFileType = image.jpeg; path = "2(1).jpg"; sourceTree = "<group>"; };
/* End PBXFileReference section */

/* Begin PBXFrameworksBuildPhase section */
		3237A46D20F2457E00347227 /* Frameworks */ = {
			isa = PBXFrameworksBuildPhase;
			buildActionMask = 2147483647;
			files = (
			);
			runOnlyForDeploymentPostprocessing = 0;
		};
		3237A48620F2457E00347227 /* Frameworks */ = {
			isa = PBXFrameworksBuildPhase;
			buildActionMask = 2147483647;
			files = (
			);
			runOnlyForDeploymentPostprocessing = 0;
		};
		3237A49120F2457E00347227 /* Frameworks */ = {
			isa = PBXFrameworksBuildPhase;
			buildActionMask = 2147483647;
			files = (
			);
			runOnlyForDeploymentPostprocessing = 0;
		};
/* End PBXFrameworksBuildPhase section */

/* Begin PBXGroup section */
		3237A46720F2457D00347227 = {
			isa = PBXGroup;
			children = (
				3237A47220F2457E00347227 /* 同步 */,
				3237A48C20F2457E00347227 /* 同步Tests */,
				3237A49720F2457E00347227 /* 同步UITests */,
				3237A47120F2457E00347227 /* Products */,
			);
			sourceTree = "<group>";
		};
		3237A47120F2457E00347227 /* Products */ = {
			isa = PBXGroup;
			children = (
				3237A47020F2457E00347227 /* 同步.app */,
				3237A48920F2457E00347227 /* 同步Tests.xctest */,
				3237A49420F2457E00347227 /* 同步UITests.xctest */,
			);
			name = Products;
			sourceTree = "<group>";
		};
		3237A47220F2457E00347227 /* 同步 */ = {
			isa = PBXGroup;
			children = (
				326623DE2109711B004CCA75 /* Bird.png */,
				326623E32109778E004CCA75 /* Bird1.png */,
				326623E02109778D004CCA75 /* Bird2.png */,
				326623E821097BB9004CCA75 /* Bird3.png */,
				326623E22109778E004CCA75 /* Bird4.png */,
				327FABB8211C2BCE00BF4D43 /* 2(1).jpg */,
				3237A47620F2457E00347227 /* AppDelegate.h */,
				3237A47720F2457E00347227 /* AppDelegate.m */,
				3237A47920F2457E00347227 /* ViewController.h */,
				3237A47A20F2457E00347227 /* ViewController.m */,
				3244A5412137B2C70021C46C /* SonViewController.h */,
				3244A5422137B2C70021C46C /* SonViewController.m */,
				3244A5442137C97B0021C46C /* Son2ViewController.h */,
				3244A5452137C97B0021C46C /* Son2ViewController.m */,
				326A094520FD9EFE00728F89 /* temModel.h */,
				326A094620FD9EFE00728F89 /* temModel.m */,
				3238022B20F3620A0099DFB6 /* VideoCallRoomSpeakingAnimationView.h */,
				3238022A20F3620A0099DFB6 /* VideoCallRoomSpeakingAnimationView.m */,
				3237A47C20F2457E00347227 /* Main.storyboard */,
				3237A47F20F2457E00347227 /* Assets.xcassets */,
				3237A48120F2457E00347227 /* LaunchScreen.storyboard */,
				3237A48420F2457E00347227 /* Info.plist */,
				3237A47320F2457E00347227 /* Supporting Files */,
			);
			path = "同步";
			sourceTree = "<group>";
		};
		3237A47320F2457E00347227 /* Supporting Files */ = {
			isa = PBXGroup;
			children = (
				3237A47420F2457E00347227 /* main.m */,
			);
			name = "Supporting Files";
			sourceTree = "<group>";
		};
		3237A48C20F2457E00347227 /* 同步Tests */ = {
			isa = PBXGroup;
			children = (
				3237A48D20F2457E00347227 /* __Tests.m */,
				3237A48F20F2457E00347227 /* Info.plist */,
			);
			path = "同步Tests";
			sourceTree = "<group>";
		};
		3237A49720F2457E00347227 /* 同步UITests */ = {
			isa = PBXGroup;
			children = (
				3237A49820F2457E00347227 /* __UITests.m */,
				3237A49A20F2457E00347227 /* Info.plist */,
			);
			path = "同步UITests";
			sourceTree = "<group>";
		};
/* End PBXGroup section */

/* Begin PBXNativeTarget section */
		3237A46F20F2457E00347227 /* 同步 */ = {
			isa = PBXNativeTarget;
			buildConfigurationList = 3237A49D20F2457E00347227 /* Build configuration list for PBXNativeTarget "同步" */;
			buildPhases = (
				3237A46C20F2457E00347227 /* Sources */,
				3237A46D20F2457E00347227 /* Frameworks */,
				3237A46E20F2457E00347227 /* Resources */,
			);
			buildRules = (
			);
			dependencies = (
			);
			name = "同步";
			productName = "同步";
			productReference = 3237A47020F2457E00347227 /* 同步.app */;
			productType = "com.apple.product-type.application";
		};
		3237A48820F2457E00347227 /* 同步Tests */ = {
			isa = PBXNativeTarget;
			buildConfigurationList = 3237A4A020F2457E00347227 /* Build configuration list for PBXNativeTarget "同步Tests" */;
			buildPhases = (
				3237A48520F2457E00347227 /* Sources */,
				3237A48620F2457E00347227 /* Frameworks */,
				3237A48720F2457E00347227 /* Resources */,
			);
			buildRules = (
			);
			dependencies = (
				3237A48B20F2457E00347227 /* PBXTargetDependency */,
			);
			name = "同步Tests";
			productName = "同步Tests";
			productReference = 3237A48920F2457E00347227 /* 同步Tests.xctest */;
			productType = "com.apple.product-type.bundle.unit-test";
		};
		3237A49320F2457E00347227 /* 同步UITests */ = {
			isa = PBXNativeTarget;
			buildConfigurationList = 3237A4A320F2457E00347227 /* Build configuration list for PBXNativeTarget "同步UITests" */;
			buildPhases = (
				3237A49020F2457E00347227 /* Sources */,
				3237A49120F2457E00347227 /* Frameworks */,
				3237A49220F2457E00347227 /* Resources */,
			);
			buildRules = (
			);
			dependencies = (
				3237A49620F2457E00347227 /* PBXTargetDependency */,
			);
			name = "同步UITests";
			productName = "同步UITests";
			productReference = 3237A49420F2457E00347227 /* 同步UITests.xctest */;
			productType = "com.apple.product-type.bundle.ui-testing";
		};
/* End PBXNativeTarget section */

/* Begin PBXProject section */
		3237A46820F2457D00347227 /* Project object */ = {
			isa = PBXProject;
			attributes = {
				LastUpgradeCheck = 0820;
				ORGANIZATIONNAME = "贾辰";
				TargetAttributes = {
					3237A46F20F2457E00347227 = {
						CreatedOnToolsVersion = 8.2.1;
						DevelopmentTeam = SR4ZEKCW75;
						ProvisioningStyle = Automatic;
					};
					3237A48820F2457E00347227 = {
						CreatedOnToolsVersion = 8.2.1;
						DevelopmentTeam = SR4ZEKCW75;
						ProvisioningStyle = Automatic;
						TestTargetID = 3237A46F20F2457E00347227;
					};
					3237A49320F2457E00347227 = {
						CreatedOnToolsVersion = 8.2.1;
						DevelopmentTeam = SR4ZEKCW75;
						ProvisioningStyle = Automatic;
						TestTargetID = 3237A46F20F2457E00347227;
					};
				};
			};
			buildConfigurationList = 3237A46B20F2457D00347227 /* Build configuration list for PBXProject "同步" */;
			compatibilityVersion = "Xcode 3.2";
			developmentRegion = English;
			hasScannedForEncodings = 0;
			knownRegions = (
				en,
				Base,
			);
			mainGroup = 3237A46720F2457D00347227;
			productRefGroup = 3237A47120F2457E00347227 /* Products */;
			projectDirPath = "";
			projectRoot = "";
			targets = (
				3237A46F20F2457E00347227 /* 同步 */,
				3237A48820F2457E00347227 /* 同步Tests */,
				3237A49320F2457E00347227 /* 同步UITests */,
			);
		};
/* End PBXProject section */

/* Begin PBXResourcesBuildPhase section */
		3237A46E20F2457E00347227 /* Resources */ = {
			isa = PBXResourcesBuildPhase;
			buildActionMask = 2147483647;
			files = (
				326623E62109778E004CCA75 /* Bird4.png in Resources */,
				326623DF2109711B004CCA75 /* Bird.png in Resources */,
				327FABB9211C2BCE00BF4D43 /* 2(1).jpg in Resources */,
				326623E42109778E004CCA75 /* Bird2.png in Resources */,
				3237A48320F2457E00347227 /* LaunchScreen.storyboard in Resources */,
				3237A48020F2457E00347227 /* Assets.xcassets in Resources */,
				326623E72109778E004CCA75 /* Bird1.png in Resources */,
				326623E921097BB9004CCA75 /* Bird3.png in Resources */,
				3237A47E20F2457E00347227 /* Main.storyboard in Resources */,
			);
			runOnlyForDeploymentPostprocessing = 0;
		};
		3237A48720F2457E00347227 /* Resources */ = {
			isa = PBXResourcesBuildPhase;
			buildActionMask = 2147483647;
			files = (
			);
			runOnlyForDeploymentPostprocessing = 0;
		};
		3237A49220F2457E00347227 /* Resources */ = {
			isa = PBXResourcesBuildPhase;
			buildActionMask = 2147483647;
			files = (
			);
			runOnlyForDeploymentPostprocessing = 0;
		};
/* End PBXResourcesBuildPhase section */

/* Begin PBXSourcesBuildPhase section */
		3237A46C20F2457E00347227 /* Sources */ = {
			isa = PBXSourcesBuildPhase;
			buildActionMask = 2147483647;
			files = (
				3238022C20F3620B0099DFB6 /* VideoCallRoomSpeakingAnimationView.m in Sources */,
				3237A47B20F2457E00347227 /* ViewController.m in Sources */,
				3237A47820F2457E00347227 /* AppDelegate.m in Sources */,
				3244A5462137C97B0021C46C /* Son2ViewController.m in Sources */,
				3244A5432137B2C70021C46C /* SonViewController.m in Sources */,
				3237A47520F2457E00347227 /* main.m in Sources */,
				326A094720FD9EFE00728F89 /* temModel.m in Sources */,
			);
			runOnlyForDeploymentPostprocessing = 0;
		};
		3237A48520F2457E00347227 /* Sources */ = {
			isa = PBXSourcesBuildPhase;
			buildActionMask = 2147483647;
			files = (
				3237A48E20F2457E00347227 /* __Tests.m in Sources */,
			);
			runOnlyForDeploymentPostprocessing = 0;
		};
		3237A49020F2457E00347227 /* Sources */ = {
			isa = PBXSourcesBuildPhase;
			buildActionMask = 2147483647;
			files = (
				3237A49920F2457E00347227 /* __UITests.m in Sources */,
			);
			runOnlyForDeploymentPostprocessing = 0;
		};
/* End PBXSourcesBuildPhase section */

/* Begin PBXTargetDependency section */
		3237A48B20F2457E00347227 /* PBXTargetDependency */ = {
			isa = PBXTargetDependency;
			target = 3237A46F20F2457E00347227 /* 同步 */;
			targetProxy = 3237A48A20F2457E00347227 /* PBXContainerItemProxy */;
		};
		3237A49620F2457E00347227 /* PBXTargetDependency */ = {
			isa = PBXTargetDependency;
			target = 3237A46F20F2457E00347227 /* 同步 */;
			targetProxy = 3237A49520F2457E00347227 /* PBXContainerItemProxy */;
		};
/* End PBXTargetDependency section */

/* Begin PBXVariantGroup section */
		3237A47C20F2457E00347227 /* Main.storyboard */ = {
			isa = PBXVariantGroup;
			children = (
				3237A47D20F2457E00347227 /* Base */,
			);
			name = Main.storyboard;
			sourceTree = "<group>";
		};
		3237A48120F2457E00347227 /* LaunchScreen.storyboard */ = {
			isa = PBXVariantGroup;
			children = (
				3237A48220F2457E00347227 /* Base */,
			);
			name = LaunchScreen.storyboard;
			sourceTree = "<group>";
		};
/* End PBXVariantGroup section */

/* Begin XCBuildConfiguration section */
		3237A49B20F2457E00347227 /* Debug */ = {
			isa = XCBuildConfiguration;
			buildSettings = {
				ALWAYS_SEARCH_USER_PATHS = NO;
				CLANG_ANALYZER_NONNULL = YES;
				CLANG_CXX_LANGUAGE_STANDARD = "gnu++0x";
				CLANG_CXX_LIBRARY = "libc++";
				CLANG_ENABLE_MODULES = YES;
				CLANG_ENABLE_OBJC_ARC = YES;
				CLANG_WARN_BOOL_CONVERSION = YES;
				CLANG_WARN_CONSTANT_CONVERSION = YES;
				CLANG_WARN_DIRECT_OBJC_ISA_USAGE = YES_ERROR;
				CLANG_WARN_DOCUMENTATION_COMMENTS = YES;
				CLANG_WARN_EMPTY_BODY = YES;
				CLANG_WARN_ENUM_CONVERSION = YES;
				CLANG_WARN_INFINITE_RECURSION = YES;
				CLANG_WARN_INT_CONVERSION = YES;
				CLANG_WARN_OBJC_ROOT_CLASS = YES_ERROR;
				CLANG_WARN_SUSPICIOUS_MOVE = YES;
				CLANG_WARN_UNREACHABLE_CODE = YES;
				CLANG_WARN__DUPLICATE_METHOD_MATCH = YES;
				"CODE_SIGN_IDENTITY[sdk=iphoneos*]" = "iPhone Developer";
				COPY_PHASE_STRIP = NO;
				DEBUG_INFORMATION_FORMAT = dwarf;
				ENABLE_STRICT_OBJC_MSGSEND = YES;
				ENABLE_TESTABILITY = YES;
				GCC_C_LANGUAGE_STANDARD = gnu99;
				GCC_DYNAMIC_NO_PIC = NO;
				GCC_NO_COMMON_BLOCKS = YES;
				GCC_OPTIMIZATION_LEVEL = 0;
				GCC_PREPROCESSOR_DEFINITIONS = (
					"DEBUG=1",
					"$(inherited)",
				);
				GCC_WARN_64_TO_32_BIT_CONVERSION = YES;
				GCC_WARN_ABOUT_RETURN_TYPE = YES_ERROR;
				GCC_WARN_UNDECLARED_SELECTOR = YES;
				GCC_WARN_UNINITIALIZED_AUTOS = YES_AGGRESSIVE;
				GCC_WARN_UNUSED_FUNCTION = YES;
				GCC_WARN_UNUSED_VARIABLE = YES;
				IPHONEOS_DEPLOYMENT_TARGET = 10.2;
				MTL_ENABLE_DEBUG_INFO = YES;
				ONLY_ACTIVE_ARCH = YES;
				SDKROOT = iphoneos;
				TARGETED_DEVICE_FAMILY = "1,2";
			};
			name = Debug;
		};
		3237A49C20F2457E00347227 /* Release */ = {
			isa = XCBuildConfiguration;
			buildSettings = {
				ALWAYS_SEARCH_USER_PATHS = NO;
				CLANG_ANALYZER_NONNULL = YES;
				CLANG_CXX_LANGUAGE_STANDARD = "gnu++0x";
				CLANG_CXX_LIBRARY = "libc++";
				CLANG_ENABLE_MODULES = YES;
				CLANG_ENABLE_OBJC_ARC = YES;
				CLANG_WARN_BOOL_CONVERSION = YES;
				CLANG_WARN_CONSTANT_CONVERSION = YES;
				CLANG_WARN_DIRECT_OBJC_ISA_USAGE = YES_ERROR;
				CLANG_WARN_DOCUMENTATION_COMMENTS = YES;
				CLANG_WARN_EMPTY_BODY = YES;
				CLANG_WARN_ENUM_CONVERSION = YES;
				CLANG_WARN_INFINITE_RECURSION = YES;
				CLANG_WARN_INT_CONVERSION = YES;
				CLANG_WARN_OBJC_ROOT_CLASS = YES_ERROR;
				CLANG_WARN_SUSPICIOUS_MOVE = YES;
				CLANG_WARN_UNREACHABLE_CODE = YES;
				CLANG_WARN__DUPLICATE_METHOD_MATCH = YES;
				"CODE_SIGN_IDENTITY[sdk=iphoneos*]" = "iPhone Developer";
				COPY_PHASE_STRIP = NO;
				DEBUG_INFORMATION_FORMAT = "dwarf-with-dsym";
				ENABLE_NS_ASSERTIONS = NO;
				ENABLE_STRICT_OBJC_MSGSEND = YES;
				GCC_C_LANGUAGE_STANDARD = gnu99;
				GCC_NO_COMMON_BLOCKS = YES;
				GCC_WARN_64_TO_32_BIT_CONVERSION = YES;
				GCC_WARN_ABOUT_RETURN_TYPE = YES_ERROR;
				GCC_WARN_UNDECLARED_SELECTOR = YES;
				GCC_WARN_UNINITIALIZED_AUTOS = YES_AGGRESSIVE;
				GCC_WARN_UNUSED_FUNCTION = YES;
				GCC_WARN_UNUSED_VARIABLE = YES;
				IPHONEOS_DEPLOYMENT_TARGET = 10.2;
				MTL_ENABLE_DEBUG_INFO = NO;
				SDKROOT = iphoneos;
				TARGETED_DEVICE_FAMILY = "1,2";
				VALIDATE_PRODUCT = YES;
			};
			name = Release;
		};
		3237A49E20F2457E00347227 /* Debug */ = {
			isa = XCBuildConfiguration;
			buildSettings = {
				ASSETCATALOG_COMPILER_APPICON_NAME = AppIcon;
				DEVELOPMENT_TEAM = SR4ZEKCW75;
				INFOPLIST_FILE = "同步/Info.plist";
				LD_RUNPATH_SEARCH_PATHS = "$(inherited) @executable_path/Frameworks";
				PRODUCT_BUNDLE_IDENTIFIER = "JC.--";
				PRODUCT_NAME = "$(TARGET_NAME)";
			};
			name = Debug;
		};
		3237A49F20F2457E00347227 /* Release */ = {
			isa = XCBuildConfiguration;
			buildSettings = {
				ASSETCATALOG_COMPILER_APPICON_NAME = AppIcon;
				DEVELOPMENT_TEAM = SR4ZEKCW75;
				INFOPLIST_FILE = "同步/Info.plist";
				LD_RUNPATH_SEARCH_PATHS = "$(inherited) @executable_path/Frameworks";
				PRODUCT_BUNDLE_IDENTIFIER = "JC.--";
				PRODUCT_NAME = "$(TARGET_NAME)";
			};
			name = Release;
		};
		3237A4A120F2457E00347227 /* Debug */ = {
			isa = XCBuildConfiguration;
			buildSettings = {
				BUNDLE_LOADER = "$(TEST_HOST)";
				DEVELOPMENT_TEAM = SR4ZEKCW75;
				INFOPLIST_FILE = "同步Tests/Info.plist";
				LD_RUNPATH_SEARCH_PATHS = "$(inherited) @executable_path/Frameworks @loader_path/Frameworks";
				PRODUCT_BUNDLE_IDENTIFIER = "JC.--Tests";
				PRODUCT_NAME = "$(TARGET_NAME)";
				TEST_HOST = "$(BUILT_PRODUCTS_DIR)/同步.app/同步";
			};
			name = Debug;
		};
		3237A4A220F2457E00347227 /* Release */ = {
			isa = XCBuildConfiguration;
			buildSettings = {
				BUNDLE_LOADER = "$(TEST_HOST)";
				DEVELOPMENT_TEAM = SR4ZEKCW75;
				INFOPLIST_FILE = "同步Tests/Info.plist";
				LD_RUNPATH_SEARCH_PATHS = "$(inherited) @executable_path/Frameworks @loader_path/Frameworks";
				PRODUCT_BUNDLE_IDENTIFIER = "JC.--Tests";
				PRODUCT_NAME = "$(TARGET_NAME)";
				TEST_HOST = "$(BUILT_PRODUCTS_DIR)/同步.app/同步";
			};
			name = Release;
		};
		3237A4A420F2457E00347227 /* Debug */ = {
			isa = XCBuildConfiguration;
			buildSettings = {
				DEVELOPMENT_TEAM = SR4ZEKCW75;
				INFOPLIST_FILE = "同步UITests/Info.plist";
				LD_RUNPATH_SEARCH_PATHS = "$(inherited) @executable_path/Frameworks @loader_path/Frameworks";
				PRODUCT_BUNDLE_IDENTIFIER = "JC.--UITests";
				PRODUCT_NAME = "$(TARGET_NAME)";
				TEST_TARGET_NAME = "同步";
			};
			name = Debug;
		};
		3237A4A520F2457E00347227 /* Release */ = {
			isa = XCBuildConfiguration;
			buildSettings = {
				DEVELOPMENT_TEAM = SR4ZEKCW75;
				INFOPLIST_FILE = "同步UITests/Info.plist";
				LD_RUNPATH_SEARCH_PATHS = "$(inherited) @executable_path/Frameworks @loader_path/Frameworks";
				PRODUCT_BUNDLE_IDENTIFIER = "JC.--UITests";
				PRODUCT_NAME = "$(TARGET_NAME)";
				TEST_TARGET_NAME = "同步";
			};
			name = Release;
		};
/* End XCBuildConfiguration section */

/* Begin XCConfigurationList section */
		3237A46B20F2457D00347227 /* Build configuration list for PBXProject "同步" */ = {
			isa = XCConfigurationList;
			buildConfigurations = (
				3237A49B20F2457E00347227 /* Debug */,
				3237A49C20F2457E00347227 /* Release */,
			);
			defaultConfigurationIsVisible = 0;
			defaultConfigurationName = Release;
		};
		3237A49D20F2457E00347227 /* Build configuration list for PBXNativeTarget "同步" */ = {
			isa = XCConfigurationList;
			buildConfigurations = (
				3237A49E20F2457E00347227 /* Debug */,
				3237A49F20F2457E00347227 /* Release */,
			);
			defaultConfigurationIsVisible = 0;
			defaultConfigurationName = Release;
		};
		3237A4A020F2457E00347227 /* Build configuration list for PBXNativeTarget "同步Tests" */ = {
			isa = XCConfigurationList;
			buildConfigurations = (
				3237A4A120F2457E00347227 /* Debug */,
				3237A4A220F2457E00347227 /* Release */,
			);
			defaultConfigurationIsVisible = 0;
			defaultConfigurationName = Release;
		};
		3237A4A320F2457E00347227 /* Build configuration list for PBXNativeTarget "同步UITests" */ = {
			isa = XCConfigurationList;
			buildConfigurations = (
				3237A4A420F2457E00347227 /* Debug */,
				3237A4A520F2457E00347227 /* Release */,
			);
			defaultConfigurationIsVisible = 0;
			defaultConfigurationName = Release;
		};
/* End XCConfigurationList section */
	};
	rootObject = 3237A46820F2457D00347227 /* Project object */;
}
